
Microsoft Visual Studio Solution File, Format Version 12.00
# Visual Studio 2012
Project("{FAE04EC0-301F-11D3-BF4B-00C04F79EFBC}") = "SafeCrypt.ConsoleSample", "SafeCrypt.ConsoleSample\SafeCrypt.ConsoleSample.csproj", "{84B1334F-3568-4225-B806-B1550F428C41}"
EndProject
Project("{FAE04EC0-301F-11D3-BF4B-00C04F79EFBC}") = "SafeCrypt", "SafeCrypt\SafeCrypt.csproj", "{6F9C2BF6-1C4E-4189-AD8B-F1B2110E3762}"
EndProject
Project("{FAE04EC0-301F-11D3-BF4B-00C04F79EFBC}") = "SafeCrypt.WebSample", "SafeCrypt.WebSample\SafeCrypt.WebSample.csproj", "{A61117D9-4A75-4402-8344-335CBA4557E1}"
EndProject
Global
	GlobalSection(SolutionConfigurationPlatforms) = preSolution
		Debug|Any CPU = Debug|Any CPU
		Release|Any CPU = Release|Any CPU
	EndGlobalSection
	GlobalSection(ProjectConfigurationPlatforms) = postSolution
		{84B1334F-3568-4225-B806-B1550F428C41}.Debug|Any CPU.ActiveCfg = Debug|Any CPU
		{84B1334F-3568-4225-B806-B1550F428C41}.Debug|Any CPU.Build.0 = Debug|Any CPU
		{84B1334F-3568-4225-B806-B1550F428C41}.Release|Any CPU.ActiveCfg = Release|Any CPU
		{84B1334F-3568-4225-B806-B1550F428C41}.Release|Any CPU.Build.0 = Release|Any CPU
		{6F9C2BF6-1C4E-4189-AD8B-F1B2110E3762}.Debug|Any CPU.ActiveCfg = Debug|Any CPU
		{6F9C2BF6-1C4E-4189-AD8B-F1B2110E3762}.Debug|Any CPU.Build.0 = Debug|Any CPU
		{6F9C2BF6-1C4E-4189-AD8B-F1B2110E3762}.Release|Any CPU.ActiveCfg = Release|Any CPU
		{6F9C2BF6-1C4E-4189-AD8B-F1B2110E3762}.Release|Any CPU.Build.0 = Release|Any CPU
		{A61117D9-4A75-4402-8344-335CBA4557E1}.Debug|Any CPU.ActiveCfg = Debug|Any CPU
		{A61117D9-4A75-4402-8344-335CBA4557E1}.Debug|Any CPU.Build.0 = Debug|Any CPU
		{A61117D9-4A75-4402-8344-335CBA4557E1}.Release|Any CPU.ActiveCfg = Release|Any CPU
		{A61117D9-4A75-4402-8344-335CBA4557E1}.Release|Any CPU.Build.0 = Release|Any CPU
	EndGlobalSection
	GlobalSection(SolutionProperties) = preSolution
		HideSolutionNode = FALSE
	EndGlobalSection
EndGlobal
